// !$*UTF8*$!
{
	archiveVersion = 1;
	classes = {
	};
	objectVersion = 46;
	objects = {

/* Begin PBXBuildFile section */
		74114C261D274F8000EE90C0 /* AppDelegate.swift in Sources */ = {isa = PBXBuildFile; fileRef = 74114C251D274F8000EE90C0 /* AppDelegate.swift */; };
		74114C281D274F8000EE90C0 /* ViewController.swift in Sources */ = {isa = PBXBuildFile; fileRef = 74114C271D274F8000EE90C0 /* ViewController.swift */; };
		74114C2D1D274F8000EE90C0 /* Assets.xcassets in Resources */ = {isa = PBXBuildFile; fileRef = 74114C2C1D274F8000EE90C0 /* Assets.xcassets */; };
		74114C301D274F8000EE90C0 /* LaunchScreen.storyboard in Resources */ = {isa = PBXBuildFile; fileRef = 74114C2E1D274F8000EE90C0 /* LaunchScreen.storyboard */; };
		74114C3B1D274F8000EE90C0 /* XBCornerRadiusDemoTests.swift in Sources */ = {isa = PBXBuildFile; fileRef = 74114C3A1D274F8000EE90C0 /* XBCornerRadiusDemoTests.swift */; };
		74114C461D274F8000EE90C0 /* XBCornerRadiusDemoUITests.swift in Sources */ = {isa = PBXBuildFile; fileRef = 74114C451D274F8000EE90C0 /* XBCornerRadiusDemoUITests.swift */; };
		74114C551D27574700EE90C0 /* XBCornerRadius.swift in Sources */ = {isa = PBXBuildFile; fileRef = 74114C541D27574700EE90C0 /* XBCornerRadius.swift */; };
		74114C581D276CF600EE90C0 /* Main.storyboard in Resources */ = {isa = PBXBuildFile; fileRef = 74114C561D276CF600EE90C0 /* Main.storyboard */; };
		74F84EB31D27B350009BB628 /* BigImageViewController.swift in Sources */ = {isa = PBXBuildFile; fileRef = 74F84EB21D27B350009BB628 /* BigImageViewController.swift */; };
		E4BBAD76DB13E543E96D2C7C /* Pods_XBCornerRadiusDemo.framework in Frameworks */ = {isa = PBXBuildFile; fileRef = F7B412224F4C858E2D032048 /* Pods_XBCornerRadiusDemo.framework */; };
/* End PBXBuildFile section */

/* Begin PBXContainerItemProxy section */
		74114C371D274F8000EE90C0 /* PBXContainerItemProxy */ = {
			isa = PBXContainerItemProxy;
			containerPortal = 74114C1A1D274F8000EE90C0 /* Project object */;
			proxyType = 1;
			remoteGlobalIDString = 74114C211D274F8000EE90C0;
			remoteInfo = XBCornerRadiusDemo;
		};
		74114C421D274F8000EE90C0 /* PBXContainerItemProxy */ = {
			isa = PBXContainerItemProxy;
			containerPortal = 74114C1A1D274F8000EE90C0 /* Project object */;
			proxyType = 1;
			remoteGlobalIDString = 74114C211D274F8000EE90C0;
			remoteInfo = XBCornerRadiusDemo;
		};
/* End PBXContainerItemProxy section */

/* Begin PBXFileReference section */
		74114C221D274F8000EE90C0 /* XBCornerRadiusDemo.app */ = {isa = PBXFileReference; explicitFileType = wrapper.application; includeInIndex = 0; path = XBCornerRadiusDemo.app; sourceTree = BUILT_PRODUCTS_DIR; };
		74114C251D274F8000EE90C0 /* AppDelegate.swift */ = {isa = PBXFileReference; lastKnownFileType = sourcecode.swift; path = AppDelegate.swift; sourceTree = "<group>"; };
		74114C271D274F8000EE90C0 /* ViewController.swift */ = {isa = PBXFileReference; lastKnownFileType = sourcecode.swift; path = ViewController.swift; sourceTree = "<group>"; };
		74114C2C1D274F8000EE90C0 /* Assets.xcassets */ = {isa = PBXFileReference; lastKnownFileType = folder.assetcatalog; path = Assets.xcassets; sourceTree = "<group>"; };
		74114C2F1D274F8000EE90C0 /* Base */ = {isa = PBXFileReference; lastKnownFileType = file.storyboard; name = Base; path = Base.lproj/LaunchScreen.storyboard; sourceTree = "<group>"; };
		74114C311D274F8000EE90C0 /* Info.plist */ = {isa = PBXFileReference; lastKnownFileType = text.plist.xml; path = Info.plist; sourceTree = "<group>"; };
		74114C361D274F8000EE90C0 /* XBCornerRadiusDemoTests.xctest */ = {isa = PBXFileReference; explicitFileType = wrapper.cfbundle; includeInIndex = 0; path = XBCornerRadiusDemoTests.xctest; sourceTree = BUILT_PRODUCTS_DIR; };
		74114C3A1D274F8000EE90C0 /* XBCornerRadiusDemoTests.swift */ = {isa = PBXFileReference; lastKnownFileType = sourcecode.swift; path = XBCornerRadiusDemoTests.swift; sourceTree = "<group>"; };
		74114C3C1D274F8000EE90C0 /* Info.plist */ = {isa = PBXFileReference; lastKnownFileType = text.plist.xml; path = Info.plist; sourceTree = "<group>"; };
		74114C411D274F8000EE90C0 /* XBCornerRadiusDemoUITests.xctest */ = {isa = PBXFileReference; explicitFileType = wrapper.cfbundle; includeInIndex = 0; path = XBCornerRadiusDemoUITests.xctest; sourceTree = BUILT_PRODUCTS_DIR; };
		74114C451D274F8000EE90C0 /* XBCornerRadiusDemoUITests.swift */ = {isa = PBXFileReference; lastKnownFileType = sourcecode.swift; path = XBCornerRadiusDemoUITests.swift; sourceTree = "<group>"; };
		74114C471D274F8000EE90C0 /* Info.plist */ = {isa = PBXFileReference; lastKnownFileType = text.plist.xml; path = Info.plist; sourceTree = "<group>"; };
		74114C541D27574700EE90C0 /* XBCornerRadius.swift */ = {isa = PBXFileReference; fileEncoding = 4; lastKnownFileType = sourcecode.swift; path = XBCornerRadius.swift; sourceTree = "<group>"; };
		74114C571D276CF600EE90C0 /* Base */ = {isa = PBXFileReference; lastKnownFileType = file.storyboard; name = Base; path = Base.lproj/Main.storyboard; sourceTree = "<group>"; };
		74F84EB21D27B350009BB628 /* BigImageViewController.swift */ = {isa = PBXFileReference; fileEncoding = 4; lastKnownFileType = sourcecode.swift; path = BigImageViewController.swift; sourceTree = "<group>"; };
		8B45A72B7A1632FB64D0C387 /* Pods-XBCornerRadiusDemo.release.xcconfig */ = {isa = PBXFileReference; includeInIndex = 1; lastKnownFileType = text.xcconfig; name = "Pods-XBCornerRadiusDemo.release.xcconfig"; path = "Pods/Target Support Files/Pods-XBCornerRadiusDemo/Pods-XBCornerRadiusDemo.release.xcconfig"; sourceTree = "<group>"; };
		A320C4F897EF7AB65D251E1D /* Pods-XBCornerRadiusDemo.debug.xcconfig */ = {isa = PBXFileReference; includeInIndex = 1; lastKnownFileType = text.xcconfig; name = "Pods-XBCornerRadiusDemo.debug.xcconfig"; path = "Pods/Target Support Files/Pods-XBCornerRadiusDemo/Pods-XBCornerRadiusDemo.debug.xcconfig"; sourceTree = "<group>"; };
		F7B412224F4C858E2D032048 /* Pods_XBCornerRadiusDemo.framework */ = {isa = PBXFileReference; explicitFileType = wrapper.framework; includeInIndex = 0; path = Pods_XBCornerRadiusDemo.framework; sourceTree = BUILT_PRODUCTS_DIR; };
/* End PBXFileReference section */

/* Begin PBXFrameworksBuildPhase section */
		74114C1F1D274F8000EE90C0 /* Frameworks */ = {
			isa = PBXFrameworksBuildPhase;
			buildActionMask = 2147483647;
			files = (
				E4BBAD76DB13E543E96D2C7C /* Pods_XBCornerRadiusDemo.framework in Frameworks */,
			);
			runOnlyForDeploymentPostprocessing = 0;
		};
		74114C331D274F8000EE90C0 /* Frameworks */ = {
			isa = PBXFrameworksBuildPhase;
			buildActionMask = 2147483647;
			files = (
			);
			runOnlyForDeploymentPostprocessing = 0;
		};
		74114C3E1D274F8000EE90C0 /* Frameworks */ = {
			isa = PBXFrameworksBuildPhase;
			buildActionMask = 2147483647;
			files = (
			);
			runOnlyForDeploymentPostprocessing = 0;
		};
/* End PBXFrameworksBuildPhase section */

/* Begin PBXGroup section */
		1B376457B604AFF006360E60 /* Frameworks */ = {
			isa = PBXGroup;
			children = (
				F7B412224F4C858E2D032048 /* Pods_XBCornerRadiusDemo.framework */,
			);
			name = Frameworks;
			sourceTree = "<group>";
		};
		74114C191D274F8000EE90C0 = {
			isa = PBXGroup;
			children = (
				74114C241D274F8000EE90C0 /* XBCornerRadiusDemo */,
				74114C391D274F8000EE90C0 /* XBCornerRadiusDemoTests */,
				74114C441D274F8000EE90C0 /* XBCornerRadiusDemoUITests */,
				74114C231D274F8000EE90C0 /* Products */,
				F92053CDCAB0434F333BDE29 /* Pods */,
				1B376457B604AFF006360E60 /* Frameworks */,
			);
			sourceTree = "<group>";
		};
		74114C231D274F8000EE90C0 /* Products */ = {
			isa = PBXGroup;
			children = (
				74114C221D274F8000EE90C0 /* XBCornerRadiusDemo.app */,
				74114C361D274F8000EE90C0 /* XBCornerRadiusDemoTests.xctest */,
				74114C411D274F8000EE90C0 /* XBCornerRadiusDemoUITests.xctest */,
			);
			name = Products;
			sourceTree = "<group>";
		};
		74114C241D274F8000EE90C0 /* XBCornerRadiusDemo */ = {
			isa = PBXGroup;
			children = (
				74114C531D27571F00EE90C0 /* Class */,
				74114C251D274F8000EE90C0 /* AppDelegate.swift */,
				74114C271D274F8000EE90C0 /* ViewController.swift */,
				74F84EB21D27B350009BB628 /* BigImageViewController.swift */,
				74114C2C1D274F8000EE90C0 /* Assets.xcassets */,
				74114C2E1D274F8000EE90C0 /* LaunchScreen.storyboard */,
				74114C561D276CF600EE90C0 /* Main.storyboard */,
				74114C311D274F8000EE90C0 /* Info.plist */,
			);
			path = XBCornerRadiusDemo;
			sourceTree = "<group>";
		};
		74114C391D274F8000EE90C0 /* XBCornerRadiusDemoTests */ = {
			isa = PBXGroup;
			children = (
				74114C3A1D274F8000EE90C0 /* XBCornerRadiusDemoTests.swift */,
				74114C3C1D274F8000EE90C0 /* Info.plist */,
			);
			path = XBCornerRadiusDemoTests;
			sourceTree = "<group>";
		};
		74114C441D274F8000EE90C0 /* XBCornerRadiusDemoUITests */ = {
			isa = PBXGroup;
			children = (
				74114C451D274F8000EE90C0 /* XBCornerRadiusDemoUITests.swift */,
				74114C471D274F8000EE90C0 /* Info.plist */,
			);
			path = XBCornerRadiusDemoUITests;
			sourceTree = "<group>";
		};
		74114C531D27571F00EE90C0 /* Class */ = {
			isa = PBXGroup;
			children = (
				74114C541D27574700EE90C0 /* XBCornerRadius.swift */,
			);
			path = Class;
			sourceTree = "<group>";
		};
		F92053CDCAB0434F333BDE29 /* Pods */ = {
			isa = PBXGroup;
			children = (
				A320C4F897EF7AB65D251E1D /* Pods-XBCornerRadiusDemo.debug.xcconfig */,
				8B45A72B7A1632FB64D0C387 /* Pods-XBCornerRadiusDemo.release.xcconfig */,
			);
			name = Pods;
			sourceTree = "<group>";
		};
/* End PBXGroup section */

/* Begin PBXNativeTarget section */
		74114C211D274F8000EE90C0 /* XBCornerRadiusDemo */ = {
			isa = PBXNativeTarget;
			buildConfigurationList = 74114C4A1D274F8000EE90C0 /* Build configuration list for PBXNativeTarget "XBCornerRadiusDemo" */;
			buildPhases = (
				ECEE3AD5A30468FCB40E49B3 /* [CP] Check Pods Manifest.lock */,
				74114C1E1D274F8000EE90C0 /* Sources */,
				74114C1F1D274F8000EE90C0 /* Frameworks */,
				74114C201D274F8000EE90C0 /* Resources */,
				77D49515A88B6094A562874D /* [CP] Embed Pods Frameworks */,
				73B758C37CDC1BF893239772 /* [CP] Copy Pods Resources */,
			);
			buildRules = (
			);
			dependencies = (
			);
			name = XBCornerRadiusDemo;
			productName = XBCornerRadiusDemo;
			productReference = 74114C221D274F8000EE90C0 /* XBCornerRadiusDemo.app */;
			productType = "com.apple.product-type.application";
		};
		74114C351D274F8000EE90C0 /* XBCornerRadiusDemoTests */ = {
			isa = PBXNativeTarget;
			buildConfigurationList = 74114C4D1D274F8000EE90C0 /* Build configuration list for PBXNativeTarget "XBCornerRadiusDemoTests" */;
			buildPhases = (
				74114C321D274F8000EE90C0 /* Sources */,
				74114C331D274F8000EE90C0 /* Frameworks */,
				74114C341D274F8000EE90C0 /* Resources */,
			);
			buildRules = (
			);
			dependencies = (
				74114C381D274F8000EE90C0 /* PBXTargetDependency */,
			);
			name = XBCornerRadiusDemoTests;
			productName = XBCornerRadiusDemoTests;
			productReference = 74114C361D274F8000EE90C0 /* XBCornerRadiusDemoTests.xctest */;
			productType = "com.apple.product-type.bundle.unit-test";
		};
		74114C401D274F8000EE90C0 /* XBCornerRadiusDemoUITests */ = {
			isa = PBXNativeTarget;
			buildConfigurationList = 74114C501D274F8000EE90C0 /* Build configuration list for PBXNativeTarget "XBCornerRadiusDemoUITests" */;
			buildPhases = (
				74114C3D1D274F8000EE90C0 /* Sources */,
				74114C3E1D274F8000EE90C0 /* Frameworks */,
				74114C3F1D274F8000EE90C0 /* Resources */,
			);
			buildRules = (
			);
			dependencies = (
				74114C431D274F8000EE90C0 /* PBXTargetDependency */,
			);
			name = XBCornerRadiusDemoUITests;
			productName = XBCornerRadiusDemoUITests;
			productReference = 74114C411D274F8000EE90C0 /* XBCornerRadiusDemoUITests.xctest */;
			productType = "com.apple.product-type.bundle.ui-testing";
		};
/* End PBXNativeTarget section */

/* Begin PBXProject section */
		74114C1A1D274F8000EE90C0 /* Project object */ = {
			isa = PBXProject;
			attributes = {
				LastSwiftUpdateCheck = 0730;
				LastUpgradeCheck = 0730;
				ORGANIZATIONNAME = xiabob;
				TargetAttributes = {
					74114C211D274F8000EE90C0 = {
						CreatedOnToolsVersion = 7.3;
					};
					74114C351D274F8000EE90C0 = {
						CreatedOnToolsVersion = 7.3;
						TestTargetID = 74114C211D274F8000EE90C0;
					};
					74114C401D274F8000EE90C0 = {
						CreatedOnToolsVersion = 7.3;
						TestTargetID = 74114C211D274F8000EE90C0;
					};
				};
			};
			buildConfigurationList = 74114C1D1D274F8000EE90C0 /* Build configuration list for PBXProject "XBCornerRadiusDemo" */;
			compatibilityVersion = "Xcode 3.2";
			developmentRegion = English;
			hasScannedForEncodings = 0;
			knownRegions = (
				en,
				Base,
			);
			mainGroup = 74114C191D274F8000EE90C0;
			productRefGroup = 74114C231D274F8000EE90C0 /* Products */;
			projectDirPath = "";
			projectRoot = "";
			targets = (
				74114C211D274F8000EE90C0 /* XBCornerRadiusDemo */,
				74114C351D274F8000EE90C0 /* XBCornerRadiusDemoTests */,
				74114C401D274F8000EE90C0 /* XBCornerRadiusDemoUITests */,
			);
		};
/* End PBXProject section */

/* Begin PBXResourcesBuildPhase section */
		74114C201D274F8000EE90C0 /* Resources */ = {
			isa = PBXResourcesBuildPhase;
			buildActionMask = 2147483647;
			files = (
				74114C581D276CF600EE90C0 /* Main.storyboard in Resources */,
				74114C301D274F8000EE90C0 /* LaunchScreen.storyboard in Resources */,
				74114C2D1D274F8000EE90C0 /* Assets.xcassets in Resources */,
			);
			runOnlyForDeploymentPostprocessing = 0;
		};
		74114C341D274F8000EE90C0 /* Resources */ = {
			isa = PBXResourcesBuildPhase;
			buildActionMask = 2147483647;
			files = (
			);
			runOnlyForDeploymentPostprocessing = 0;
		};
		74114C3F1D274F8000EE90C0 /* Resources */ = {
			isa = PBXResourcesBuildPhase;
			buildActionMask = 2147483647;
			files = (
			);
			runOnlyForDeploymentPostprocessing = 0;
		};
/* End PBXResourcesBuildPhase section */

/* Begin PBXShellScriptBuildPhase section */
		73B758C37CDC1BF893239772 /* [CP] Copy Pods Resources */ = {
			isa = PBXShellScriptBuildPhase;
			buildActionMask = 2147483647;
			files = (
			);
			inputPaths = (
			);
			name = "[CP] Copy Pods Resources";
			outputPaths = (
			);
			runOnlyForDeploymentPostprocessing = 0;
			shellPath = /bin/sh;
			shellScript = "\"${SRCROOT}/Pods/Target Support Files/Pods-XBCornerRadiusDemo/Pods-XBCornerRadiusDemo-resources.sh\"\n";
			showEnvVarsInLog = 0;
		};
		77D49515A88B6094A562874D /* [CP] Embed Pods Frameworks */ = {
			isa = PBXShellScriptBuildPhase;
			buildActionMask = 2147483647;
			files = (
			);
			inputPaths = (
			);
			name = "[CP] Embed Pods Frameworks";
			outputPaths = (
			);
			runOnlyForDeploymentPostprocessing = 0;
			shellPath = /bin/sh;
			shellScript = "\"${SRCROOT}/Pods/Target Support Files/Pods-XBCornerRadiusDemo/Pods-XBCornerRadiusDemo-frameworks.sh\"\n";
			showEnvVarsInLog = 0;
		};
		ECEE3AD5A30468FCB40E49B3 /* [CP] Check Pods Manifest.lock */ = {
			isa = PBXShellScriptBuildPhase;
			buildActionMask = 2147483647;
			files = (
			);
			inputPaths = (
			);
			name = "[CP] Check Pods Manifest.lock";
			outputPaths = (
			);
			runOnlyForDeploymentPostprocessing = 0;
			shellPath = /bin/sh;
			shellScript = "diff \"${PODS_ROOT}/../Podfile.lock\" \"${PODS_ROOT}/Manifest.lock\" > /dev/null\nif [[ $? != 0 ]] ; then\n    cat << EOM\nerror: The sandbox is not in sync with the Podfile.lock. Run 'pod install' or update your CocoaPods installation.\nEOM\n    exit 1\nfi\n";
			showEnvVarsInLog = 0;
		};
/* End PBXShellScriptBuildPhase section */

/* Begin PBXSourcesBuildPhase section */
		74114C1E1D274F8000EE90C0 /* Sources */ = {
			isa = PBXSourcesBuildPhase;
			buildActionMask = 2147483647;
			files = (
				74114C551D27574700EE90C0 /* XBCornerRadius.swift in Sources */,
				74114C281D274F8000EE90C0 /* ViewController.swift in Sources */,
				74114C261D274F8000EE90C0 /* AppDelegate.swift in Sources */,
				74F84EB31D27B350009BB628 /* BigImageViewController.swift in Sources */,
			);
			runOnlyForDeploymentPostprocessing = 0;
		};
		74114C321D274F8000EE90C0 /* Sources */ = {
			isa = PBXSourcesBuildPhase;
			buildActionMask = 2147483647;
			files = (
				74114C3B1D274F8000EE90C0 /* XBCornerRadiusDemoTests.swift in Sources */,
			);
			runOnlyForDeploymentPostprocessing = 0;
		};
		74114C3D1D274F8000EE90C0 /* Sources */ = {
			isa = PBXSourcesBuildPhase;
			buildActionMask = 2147483647;
			files = (
				74114C461D274F8000EE90C0 /* XBCornerRadiusDemoUITests.swift in Sources */,
			);
			runOnlyForDeploymentPostprocessing = 0;
		};
/* End PBXSourcesBuildPhase section */

/* Begin PBXTargetDependency section */
		74114C381D274F8000EE90C0 /* PBXTargetDependency */ = {
			isa = PBXTargetDependency;
			target = 74114C211D274F8000EE90C0 /* XBCornerRadiusDemo */;
			targetProxy = 74114C371D274F8000EE90C0 /* PBXContainerItemProxy */;
		};
		74114C431D274F8000EE90C0 /* PBXTargetDependency */ = {
			isa = PBXTargetDependency;
			target = 74114C211D274F8000EE90C0 /* XBCornerRadiusDemo */;
			targetProxy = 74114C421D274F8000EE90C0 /* PBXContainerItemProxy */;
		};
/* End PBXTargetDependency section */

/* Begin PBXVariantGroup section */
		74114C2E1D274F8000EE90C0 /* LaunchScreen.storyboard */ = {
			isa = PBXVariantGroup;
			children = (
				74114C2F1D274F8000EE90C0 /* Base */,
			);
			name = LaunchScreen.storyboard;
			sourceTree = "<group>";
		};
		74114C561D276CF600EE90C0 /* Main.storyboard */ = {
			isa = PBXVariantGroup;
			children = (
				74114C571D276CF600EE90C0 /* Base */,
			);
			name = Main.storyboard;
			sourceTree = "<group>";
		};
/* End PBXVariantGroup section */

/* Begin XCBuildConfiguration section */
		74114C481D274F8000EE90C0 /* Debug */ = {
			isa = XCBuildConfiguration;
			buildSettings = {
				ALWAYS_SEARCH_USER_PATHS = NO;
				CLANG_ANALYZER_NONNULL = YES;
				CLANG_CXX_LANGUAGE_STANDARD = "gnu++0x";
				CLANG_CXX_LIBRARY = "libc++";
				CLANG_ENABLE_MODULES = YES;
				CLANG_ENABLE_OBJC_ARC = YES;
				CLANG_WARN_BOOL_CONVERSION = YES;
				CLANG_WARN_CONSTANT_CONVERSION = YES;
				CLANG_WARN_DIRECT_OBJC_ISA_USAGE = YES_ERROR;
				CLANG_WARN_EMPTY_BODY = YES;
				CLANG_WARN_ENUM_CONVERSION = YES;
				CLANG_WARN_INT_CONVERSION = YES;
				CLANG_WARN_OBJC_ROOT_CLASS = YES_ERROR;
				CLANG_WARN_UNREACHABLE_CODE = YES;
				CLANG_WARN__DUPLICATE_METHOD_MATCH = YES;
				"CODE_SIGN_IDENTITY[sdk=iphoneos*]" = "iPhone Developer";
				COPY_PHASE_STRIP = NO;
				DEBUG_INFORMATION_FORMAT = dwarf;
				ENABLE_STRICT_OBJC_MSGSEND = YES;
				ENABLE_TESTABILITY = YES;
				GCC_C_LANGUAGE_STANDARD = gnu99;
				GCC_DYNAMIC_NO_PIC = NO;
				GCC_NO_COMMON_BLOCKS = YES;
				GCC_OPTIMIZATION_LEVEL = 0;
				GCC_PREPROCESSOR_DEFINITIONS = (
					"DEBUG=1",
					"$(inherited)",
				);
				GCC_WARN_64_TO_32_BIT_CONVERSION = YES;
				GCC_WARN_ABOUT_RETURN_TYPE = YES_ERROR;
				GCC_WARN_UNDECLARED_SELECTOR = YES;
				GCC_WARN_UNINITIALIZED_AUTOS = YES_AGGRESSIVE;
				GCC_WARN_UNUSED_FUNCTION = YES;
				GCC_WARN_UNUSED_VARIABLE = YES;
				IPHONEOS_DEPLOYMENT_TARGET = 9.3;
				MTL_ENABLE_DEBUG_INFO = YES;
				ONLY_ACTIVE_ARCH = YES;
				SDKROOT = iphoneos;
				SWIFT_OPTIMIZATION_LEVEL = "-Onone";
			};
			name = Debug;
		};
		74114C491D274F8000EE90C0 /* Release */ = {
			isa = XCBuildConfiguration;
			buildSettings = {
				ALWAYS_SEARCH_USER_PATHS = NO;
				CLANG_ANALYZER_NONNULL = YES;
				CLANG_CXX_LANGUAGE_STANDARD = "gnu++0x";
				CLANG_CXX_LIBRARY = "libc++";
				CLANG_ENABLE_MODULES = YES;
				CLANG_ENABLE_OBJC_ARC = YES;
				CLANG_WARN_BOOL_CONVERSION = YES;
				CLANG_WARN_CONSTANT_CONVERSION = YES;
				CLANG_WARN_DIRECT_OBJC_ISA_USAGE = YES_ERROR;
				CLANG_WARN_EMPTY_BODY = YES;
				CLANG_WARN_ENUM_CONVERSION = YES;
				CLANG_WARN_INT_CONVERSION = YES;
				CLANG_WARN_OBJC_ROOT_CLASS = YES_ERROR;
				CLANG_WARN_UNREACHABLE_CODE = YES;
				CLANG_WARN__DUPLICATE_METHOD_MATCH = YES;
				"CODE_SIGN_IDENTITY[sdk=iphoneos*]" = "iPhone Developer";
				COPY_PHASE_STRIP = NO;
				DEBUG_INFORMATION_FORMAT = "dwarf-with-dsym";
				ENABLE_NS_ASSERTIONS = NO;
				ENABLE_STRICT_OBJC_MSGSEND = YES;
				GCC_C_LANGUAGE_STANDARD = gnu99;
				GCC_NO_COMMON_BLOCKS = YES;
				GCC_WARN_64_TO_32_BIT_CONVERSION = YES;
				GCC_WARN_ABOUT_RETURN_TYPE = YES_ERROR;
				GCC_WARN_UNDECLARED_SELECTOR = YES;
				GCC_WARN_UNINITIALIZED_AUTOS = YES_AGGRESSIVE;
				GCC_WARN_UNUSED_FUNCTION = YES;
				GCC_WARN_UNUSED_VARIABLE = YES;
				IPHONEOS_DEPLOYMENT_TARGET = 9.3;
				MTL_ENABLE_DEBUG_INFO = NO;
				SDKROOT = iphoneos;
				VALIDATE_PRODUCT = YES;
			};
			name = Release;
		};
		74114C4B1D274F8000EE90C0 /* Debug */ = {
			isa = XCBuildConfiguration;
			baseConfigurationReference = A320C4F897EF7AB65D251E1D /* Pods-XBCornerRadiusDemo.debug.xcconfig */;
			buildSettings = {
				ASSETCATALOG_COMPILER_APPICON_NAME = AppIcon;
				INFOPLIST_FILE = XBCornerRadiusDemo/Info.plist;
				IPHONEOS_DEPLOYMENT_TARGET = 8.0;
				LD_RUNPATH_SEARCH_PATHS = "$(inherited) @executable_path/Frameworks";
				PRODUCT_BUNDLE_IDENTIFIER = com.xiabob.XBCornerRadiusDemo;
				PRODUCT_NAME = "$(TARGET_NAME)";
			};
			name = Debug;
		};
		74114C4C1D274F8000EE90C0 /* Release */ = {
			isa = XCBuildConfiguration;
			baseConfigurationReference = 8B45A72B7A1632FB64D0C387 /* Pods-XBCornerRadiusDemo.release.xcconfig */;
			buildSettings = {
				ASSETCATALOG_COMPILER_APPICON_NAME = AppIcon;
				INFOPLIST_FILE = XBCornerRadiusDemo/Info.plist;
				IPHONEOS_DEPLOYMENT_TARGET = 8.0;
				LD_RUNPATH_SEARCH_PATHS = "$(inherited) @executable_path/Frameworks";
				PRODUCT_BUNDLE_IDENTIFIER = com.xiabob.XBCornerRadiusDemo;
				PRODUCT_NAME = "$(TARGET_NAME)";
			};
			name = Release;
		};
		74114C4E1D274F8000EE90C0 /* Debug */ = {
			isa = XCBuildConfiguration;
			buildSettings = {
				BUNDLE_LOADER = "$(TEST_HOST)";
				INFOPLIST_FILE = XBCornerRadiusDemoTests/Info.plist;
				LD_RUNPATH_SEARCH_PATHS = "$(inherited) @executable_path/Frameworks @loader_path/Frameworks";
				PRODUCT_BUNDLE_IDENTIFIER = com.xiabob.XBCornerRadiusDemoTests;
				PRODUCT_NAME = "$(TARGET_NAME)";
				TEST_HOST = "$(BUILT_PRODUCTS_DIR)/XBCornerRadiusDemo.app/XBCornerRadiusDemo";
			};
			name = Debug;
		};
		74114C4F1D274F8000EE90C0 /* Release */ = {
			isa = XCBuildConfiguration;
			buildSettings = {
				BUNDLE_LOADER = "$(TEST_HOST)";
				INFOPLIST_FILE = XBCornerRadiusDemoTests/Info.plist;
				LD_RUNPATH_SEARCH_PATHS = "$(inherited) @executable_path/Frameworks @loader_path/Frameworks";
				PRODUCT_BUNDLE_IDENTIFIER = com.xiabob.XBCornerRadiusDemoTests;
				PRODUCT_NAME = "$(TARGET_NAME)";
				TEST_HOST = "$(BUILT_PRODUCTS_DIR)/XBCornerRadiusDemo.app/XBCornerRadiusDemo";
			};
			name = Release;
		};
		74114C511D274F8000EE90C0 /* Debug */ = {
			isa = XCBuildConfiguration;
			buildSettings = {
				INFOPLIST_FILE = XBCornerRadiusDemoUITests/Info.plist;
				LD_RUNPATH_SEARCH_PATHS = "$(inherited) @executable_path/Frameworks @loader_path/Frameworks";
				PRODUCT_BUNDLE_IDENTIFIER = com.xiabob.XBCornerRadiusDemoUITests;
				PRODUCT_NAME = "$(TARGET_NAME)";
				TEST_TARGET_NAME = XBCornerRadiusDemo;
			};
			name = Debug;
		};
		74114C521D274F8000EE90C0 /* Release */ = {
			isa = XCBuildConfiguration;
			buildSettings = {
				INFOPLIST_FILE = XBCornerRadiusDemoUITests/Info.plist;
				LD_RUNPATH_SEARCH_PATHS = "$(inherited) @executable_path/Frameworks @loader_path/Frameworks";
				PRODUCT_BUNDLE_IDENTIFIER = com.xiabob.XBCornerRadiusDemoUITests;
				PRODUCT_NAME = "$(TARGET_NAME)";
				TEST_TARGET_NAME = XBCornerRadiusDemo;
			};
			name = Release;
		};
/* End XCBuildConfiguration section */

/* Begin XCConfigurationList section */
		74114C1D1D274F8000EE90C0 /* Build configuration list for PBXProject "XBCornerRadiusDemo" */ = {
			isa = XCConfigurationList;
			buildConfigurations = (
				74114C481D274F8000EE90C0 /* Debug */,
				74114C491D274F8000EE90C0 /* Release */,
			);
			defaultConfigurationIsVisible = 0;
			defaultConfigurationName = Release;
		};
		74114C4A1D274F8000EE90C0 /* Build configuration list for PBXNativeTarget "XBCornerRadiusDemo" */ = {
			isa = XCConfigurationList;
			buildConfigurations = (
				74114C4B1D274F8000EE90C0 /* Debug */,
				74114C4C1D274F8000EE90C0 /* Release */,
			);
			defaultConfigurationIsVisible = 0;
			defaultConfigurationName = Release;
		};
		74114C4D1D274F8000EE90C0 /* Build configuration list for PBXNativeTarget "XBCornerRadiusDemoTests" */ = {
			isa = XCConfigurationList;
			buildConfigurations = (
				74114C4E1D274F8000EE90C0 /* Debug */,
				74114C4F1D274F8000EE90C0 /* Release */,
			);
			defaultConfigurationIsVisible = 0;
			defaultConfigurationName = Release;
		};
		74114C501D274F8000EE90C0 /* Build configuration list for PBXNativeTarget "XBCornerRadiusDemoUITests" */ = {
			isa = XCConfigurationList;
			buildConfigurations = (
				74114C511D274F8000EE90C0 /* Debug */,
				74114C521D274F8000EE90C0 /* Release */,
			);
			defaultConfigurationIsVisible = 0;
			defaultConfigurationName = Release;
		};
/* End XCConfigurationList section */
	};
	rootObject = 74114C1A1D274F8000EE90C0 /* Project object */;
}
